
Microsoft Visual Studio Solution File, Format Version 12.00
# Visual Studio Version 17
VisualStudioVersion = 17.13.35825.156
MinimumVisualStudioVersion = 10.0.40219.1
Project("{FAE04EC0-301F-11D3-BF4B-00C04F79EFBC}") = "EShop.Presentation", "EShop.Presentation\EShop.Presentation.csproj", "{587A33D5-04CC-414C-B2C2-B5F12A7A4106}"
EndProject
Project("{FAE04EC0-301F-11D3-BF4B-00C04F79EFBC}") = "test", "test\test.csproj", "{0299A42E-53A2-4DC0-A551-3098BFF756AB}"
EndProject
Project("{FAE04EC0-301F-11D3-BF4B-00C04F79EFBC}") = "EF_Core", "EF_Core\EF_Core.csproj", "{C4F452FA-E0B3-9D73-866C-9FE36F944A49}"
EndProject
Project("{FAE04EC0-301F-11D3-BF4B-00C04F79EFBC}") = "EShop.ViewModels", "EShop.ViewModels\EShop.ViewModels.csproj", "{71FF9049-02E4-482C-85CE-8F9D4FCB35B7}"
EndProject
Global
	GlobalSection(SolutionConfigurationPlatforms) = preSolution
		Debug|Any CPU = Debug|Any CPU
		Release|Any CPU = Release|Any CPU
	EndGlobalSection
	GlobalSection(ProjectConfigurationPlatforms) = postSolution
		{587A33D5-04CC-414C-B2C2-B5F12A7A4106}.Debug|Any CPU.ActiveCfg = Debug|Any CPU
		{587A33D5-04CC-414C-B2C2-B5F12A7A4106}.Debug|Any CPU.Build.0 = Debug|Any CPU
		{587A33D5-04CC-414C-B2C2-B5F12A7A4106}.Release|Any CPU.ActiveCfg = Release|Any CPU
		{587A33D5-04CC-414C-B2C2-B5F12A7A4106}.Release|Any CPU.Build.0 = Release|Any CPU
		{0299A42E-53A2-4DC0-A551-3098BFF756AB}.Debug|Any CPU.ActiveCfg = Debug|Any CPU
		{0299A42E-53A2-4DC0-A551-3098BFF756AB}.Debug|Any CPU.Build.0 = Debug|Any CPU
		{0299A42E-53A2-4DC0-A551-3098BFF756AB}.Release|Any CPU.ActiveCfg = Release|Any CPU
		{0299A42E-53A2-4DC0-A551-3098BFF756AB}.Release|Any CPU.Build.0 = Release|Any CPU
		{C4F452FA-E0B3-9D73-866C-9FE36F944A49}.Debug|Any CPU.ActiveCfg = Debug|Any CPU
		{C4F452FA-E0B3-9D73-866C-9FE36F944A49}.Debug|Any CPU.Build.0 = Debug|Any CPU
		{C4F452FA-E0B3-9D73-866C-9FE36F944A49}.Release|Any CPU.ActiveCfg = Release|Any CPU
		{C4F452FA-E0B3-9D73-866C-9FE36F944A49}.Release|Any CPU.Build.0 = Release|Any CPU
		{71FF9049-02E4-482C-85CE-8F9D4FCB35B7}.Debug|Any CPU.ActiveCfg = Debug|Any CPU
		{71FF9049-02E4-482C-85CE-8F9D4FCB35B7}.Debug|Any CPU.Build.0 = Debug|Any CPU
		{71FF9049-02E4-482C-85CE-8F9D4FCB35B7}.Release|Any CPU.ActiveCfg = Release|Any CPU
		{71FF9049-02E4-482C-85CE-8F9D4FCB35B7}.Release|Any CPU.Build.0 = Release|Any CPU
	EndGlobalSection
	GlobalSection(SolutionProperties) = preSolution
		HideSolutionNode = FALSE
	EndGlobalSection
	GlobalSection(ExtensibilityGlobals) = postSolution
		SolutionGuid = {2F4751DB-A932-4595-B2D8-61667D48AF99}
	EndGlobalSection
EndGlobal
